// !$*UTF8*$!
{
	archiveVersion = 1;
	classes = {
	};
	objectVersion = 50;
	objects = {

/* Begin PBXBuildFile section */
		8E0418BA258BD364005939E3 /* StartViewController.swift in Sources */ = {isa = PBXBuildFile; fileRef = 8E0418B9258BD364005939E3 /* StartViewController.swift */; };
		8E678F8F258BCEDC00EB68C8 /* AppDelegate.swift in Sources */ = {isa = PBXBuildFile; fileRef = 8E678F8E258BCEDC00EB68C8 /* AppDelegate.swift */; };
		8E678F91258BCEDC00EB68C8 /* SceneDelegate.swift in Sources */ = {isa = PBXBuildFile; fileRef = 8E678F90258BCEDC00EB68C8 /* SceneDelegate.swift */; };
		8E678F98258BCEDF00EB68C8 /* Assets.xcassets in Resources */ = {isa = PBXBuildFile; fileRef = 8E678F97258BCEDF00EB68C8 /* Assets.xcassets */; };
		8E678F9B258BCEDF00EB68C8 /* LaunchScreen.storyboard in Resources */ = {isa = PBXBuildFile; fileRef = 8E678F99258BCEDF00EB68C8 /* LaunchScreen.storyboard */; };
		8E678FA6258BCEE000EB68C8 /* GBShopTests.swift in Sources */ = {isa = PBXBuildFile; fileRef = 8E678FA5258BCEE000EB68C8 /* GBShopTests.swift */; };
		8E678FB1258BCEE000EB68C8 /* GBShopUITests.swift in Sources */ = {isa = PBXBuildFile; fileRef = 8E678FB0258BCEE000EB68C8 /* GBShopUITests.swift */; };
/* End PBXBuildFile section */

/* Begin PBXContainerItemProxy section */
		8E678FA2258BCEE000EB68C8 /* PBXContainerItemProxy */ = {
			isa = PBXContainerItemProxy;
			containerPortal = 8E678F83258BCEDB00EB68C8 /* Project object */;
			proxyType = 1;
			remoteGlobalIDString = 8E678F8A258BCEDC00EB68C8;
			remoteInfo = GBShop;
		};
		8E678FAD258BCEE000EB68C8 /* PBXContainerItemProxy */ = {
			isa = PBXContainerItemProxy;
			containerPortal = 8E678F83258BCEDB00EB68C8 /* Project object */;
			proxyType = 1;
			remoteGlobalIDString = 8E678F8A258BCEDC00EB68C8;
			remoteInfo = GBShop;
		};
/* End PBXContainerItemProxy section */

/* Begin PBXFileReference section */
		8E0418B9258BD364005939E3 /* StartViewController.swift */ = {isa = PBXFileReference; lastKnownFileType = sourcecode.swift; path = StartViewController.swift; sourceTree = "<group>"; };
		8E678F8B258BCEDC00EB68C8 /* GBShop.app */ = {isa = PBXFileReference; explicitFileType = wrapper.application; includeInIndex = 0; path = GBShop.app; sourceTree = BUILT_PRODUCTS_DIR; };
		8E678F8E258BCEDC00EB68C8 /* AppDelegate.swift */ = {isa = PBXFileReference; lastKnownFileType = sourcecode.swift; path = AppDelegate.swift; sourceTree = "<group>"; };
		8E678F90258BCEDC00EB68C8 /* SceneDelegate.swift */ = {isa = PBXFileReference; lastKnownFileType = sourcecode.swift; path = SceneDelegate.swift; sourceTree = "<group>"; };
		8E678F97258BCEDF00EB68C8 /* Assets.xcassets */ = {isa = PBXFileReference; lastKnownFileType = folder.assetcatalog; path = Assets.xcassets; sourceTree = "<group>"; };
		8E678F9A258BCEDF00EB68C8 /* Base */ = {isa = PBXFileReference; lastKnownFileType = file.storyboard; name = Base; path = Base.lproj/LaunchScreen.storyboard; sourceTree = "<group>"; };
		8E678F9C258BCEDF00EB68C8 /* Info.plist */ = {isa = PBXFileReference; lastKnownFileType = text.plist.xml; path = Info.plist; sourceTree = "<group>"; };
		8E678FA1258BCEE000EB68C8 /* GBShopTests.xctest */ = {isa = PBXFileReference; explicitFileType = wrapper.cfbundle; includeInIndex = 0; path = GBShopTests.xctest; sourceTree = BUILT_PRODUCTS_DIR; };
		8E678FA5258BCEE000EB68C8 /* GBShopTests.swift */ = {isa = PBXFileReference; lastKnownFileType = sourcecode.swift; path = GBShopTests.swift; sourceTree = "<group>"; };
		8E678FA7258BCEE000EB68C8 /* Info.plist */ = {isa = PBXFileReference; lastKnownFileType = text.plist.xml; path = Info.plist; sourceTree = "<group>"; };
		8E678FAC258BCEE000EB68C8 /* GBShopUITests.xctest */ = {isa = PBXFileReference; explicitFileType = wrapper.cfbundle; includeInIndex = 0; path = GBShopUITests.xctest; sourceTree = BUILT_PRODUCTS_DIR; };
		8E678FB0258BCEE000EB68C8 /* GBShopUITests.swift */ = {isa = PBXFileReference; lastKnownFileType = sourcecode.swift; path = GBShopUITests.swift; sourceTree = "<group>"; };
		8E678FB2258BCEE000EB68C8 /* Info.plist */ = {isa = PBXFileReference; lastKnownFileType = text.plist.xml; path = Info.plist; sourceTree = "<group>"; };
/* End PBXFileReference section */

/* Begin PBXFrameworksBuildPhase section */
		8E678F88258BCEDC00EB68C8 /* Frameworks */ = {
			isa = PBXFrameworksBuildPhase;
			buildActionMask = 2147483647;
			files = (
			);
			runOnlyForDeploymentPostprocessing = 0;
		};
		8E678F9E258BCEE000EB68C8 /* Frameworks */ = {
			isa = PBXFrameworksBuildPhase;
			buildActionMask = 2147483647;
			files = (
			);
			runOnlyForDeploymentPostprocessing = 0;
		};
		8E678FA9258BCEE000EB68C8 /* Frameworks */ = {
			isa = PBXFrameworksBuildPhase;
			buildActionMask = 2147483647;
			files = (
			);
			runOnlyForDeploymentPostprocessing = 0;
		};
/* End PBXFrameworksBuildPhase section */

/* Begin PBXGroup section */
		8E678F82258BCEDB00EB68C8 = {
			isa = PBXGroup;
			children = (
				8E678F8D258BCEDC00EB68C8 /* GBShop */,
				8E678FA4258BCEE000EB68C8 /* GBShopTests */,
				8E678FAF258BCEE000EB68C8 /* GBShopUITests */,
				8E678F8C258BCEDC00EB68C8 /* Products */,
			);
			sourceTree = "<group>";
		};
		8E678F8C258BCEDC00EB68C8 /* Products */ = {
			isa = PBXGroup;
			children = (
				8E678F8B258BCEDC00EB68C8 /* GBShop.app */,
				8E678FA1258BCEE000EB68C8 /* GBShopTests.xctest */,
				8E678FAC258BCEE000EB68C8 /* GBShopUITests.xctest */,
			);
			name = Products;
			sourceTree = "<group>";
		};
		8E678F8D258BCEDC00EB68C8 /* GBShop */ = {
			isa = PBXGroup;
			children = (
				8E678FC1258BCFA500EB68C8 /* App */,
				8E678FC3258BCFD500EB68C8 /* Core */,
				8E678FC4258BCFE300EB68C8 /* Resources */,
				8E678FC5258BCFF200EB68C8 /* Enviropments */,
				8E678F9C258BCEDF00EB68C8 /* Info.plist */,
			);
			path = GBShop;
			sourceTree = "<group>";
		};
		8E678FA4258BCEE000EB68C8 /* GBShopTests */ = {
			isa = PBXGroup;
			children = (
				8E678FA5258BCEE000EB68C8 /* GBShopTests.swift */,
				8E678FA7258BCEE000EB68C8 /* Info.plist */,
			);
			path = GBShopTests;
			sourceTree = "<group>";
		};
		8E678FAF258BCEE000EB68C8 /* GBShopUITests */ = {
			isa = PBXGroup;
			children = (
				8E678FB0258BCEE000EB68C8 /* GBShopUITests.swift */,
				8E678FB2258BCEE000EB68C8 /* Info.plist */,
			);
			path = GBShopUITests;
			sourceTree = "<group>";
		};
		8E678FC1258BCFA500EB68C8 /* App */ = {
			isa = PBXGroup;
			children = (
				8E678F8E258BCEDC00EB68C8 /* AppDelegate.swift */,
				8E678F90258BCEDC00EB68C8 /* SceneDelegate.swift */,
				8E678FC8258BD03600EB68C8 /* BussinessLogic */,
				8E678FC7258BD02C00EB68C8 /* Entity */,
				8E678FC6258BD02000EB68C8 /* Assembly */,
				8E678FC2258BCFAB00EB68C8 /* Flows */,
			);
			path = App;
			sourceTree = "<group>";
		};
		8E678FC2258BCFAB00EB68C8 /* Flows */ = {
			isa = PBXGroup;
			children = (
			);
			path = Flows;
			sourceTree = "<group>";
		};
		8E678FC3258BCFD500EB68C8 /* Core */ = {
			isa = PBXGroup;
			children = (
			);
			path = Core;
			sourceTree = "<group>";
		};
		8E678FC4258BCFE300EB68C8 /* Resources */ = {
			isa = PBXGroup;
			children = (
				8E678F99258BCEDF00EB68C8 /* LaunchScreen.storyboard */,
				8E678F97258BCEDF00EB68C8 /* Assets.xcassets */,
			);
			path = Resources;
			sourceTree = "<group>";
		};
		8E678FC5258BCFF200EB68C8 /* Enviropments */ = {
			isa = PBXGroup;
			children = (
			);
			path = Enviropments;
			sourceTree = "<group>";
		};
		8E678FC6258BD02000EB68C8 /* Assembly */ = {
			isa = PBXGroup;
			children = (
			);
			path = Assembly;
			sourceTree = "<group>";
		};
		8E678FC7258BD02C00EB68C8 /* Entity */ = {
			isa = PBXGroup;
			children = (
				8E0418B9258BD364005939E3 /* StartViewController.swift */,
			);
			path = Entity;
			sourceTree = "<group>";
		};
		8E678FC8258BD03600EB68C8 /* BussinessLogic */ = {
			isa = PBXGroup;
			children = (
			);
			path = BussinessLogic;
			sourceTree = "<group>";
		};
/* End PBXGroup section */

/* Begin PBXNativeTarget section */
		8E678F8A258BCEDC00EB68C8 /* GBShop */ = {
			isa = PBXNativeTarget;
			buildConfigurationList = 8E678FB5258BCEE000EB68C8 /* Build configuration list for PBXNativeTarget "GBShop" */;
			buildPhases = (
				8E678F87258BCEDC00EB68C8 /* Sources */,
				8E678F88258BCEDC00EB68C8 /* Frameworks */,
				8E678F89258BCEDC00EB68C8 /* Resources */,
			);
			buildRules = (
			);
			dependencies = (
			);
			name = GBShop;
			productName = GBShop;
			productReference = 8E678F8B258BCEDC00EB68C8 /* GBShop.app */;
			productType = "com.apple.product-type.application";
		};
		8E678FA0258BCEE000EB68C8 /* GBShopTests */ = {
			isa = PBXNativeTarget;
			buildConfigurationList = 8E678FB8258BCEE000EB68C8 /* Build configuration list for PBXNativeTarget "GBShopTests" */;
			buildPhases = (
				8E678F9D258BCEE000EB68C8 /* Sources */,
				8E678F9E258BCEE000EB68C8 /* Frameworks */,
				8E678F9F258BCEE000EB68C8 /* Resources */,
			);
			buildRules = (
			);
			dependencies = (
				8E678FA3258BCEE000EB68C8 /* PBXTargetDependency */,
			);
			name = GBShopTests;
			productName = GBShopTests;
			productReference = 8E678FA1258BCEE000EB68C8 /* GBShopTests.xctest */;
			productType = "com.apple.product-type.bundle.unit-test";
		};
		8E678FAB258BCEE000EB68C8 /* GBShopUITests */ = {
			isa = PBXNativeTarget;
			buildConfigurationList = 8E678FBB258BCEE000EB68C8 /* Build configuration list for PBXNativeTarget "GBShopUITests" */;
			buildPhases = (
				8E678FA8258BCEE000EB68C8 /* Sources */,
				8E678FA9258BCEE000EB68C8 /* Frameworks */,
				8E678FAA258BCEE000EB68C8 /* Resources */,
			);
			buildRules = (
			);
			dependencies = (
				8E678FAE258BCEE000EB68C8 /* PBXTargetDependency */,
			);
			name = GBShopUITests;
			productName = GBShopUITests;
			productReference = 8E678FAC258BCEE000EB68C8 /* GBShopUITests.xctest */;
			productType = "com.apple.product-type.bundle.ui-testing";
		};
/* End PBXNativeTarget section */

/* Begin PBXProject section */
		8E678F83258BCEDB00EB68C8 /* Project object */ = {
			isa = PBXProject;
			attributes = {
				LastSwiftUpdateCheck = 1220;
				LastUpgradeCheck = 1220;
				TargetAttributes = {
					8E678F8A258BCEDC00EB68C8 = {
						CreatedOnToolsVersion = 12.2;
					};
					8E678FA0258BCEE000EB68C8 = {
						CreatedOnToolsVersion = 12.2;
						TestTargetID = 8E678F8A258BCEDC00EB68C8;
					};
					8E678FAB258BCEE000EB68C8 = {
						CreatedOnToolsVersion = 12.2;
						TestTargetID = 8E678F8A258BCEDC00EB68C8;
					};
				};
			};
			buildConfigurationList = 8E678F86258BCEDB00EB68C8 /* Build configuration list for PBXProject "GBShop" */;
			compatibilityVersion = "Xcode 9.3";
			developmentRegion = en;
			hasScannedForEncodings = 0;
			knownRegions = (
				en,
				Base,
			);
			mainGroup = 8E678F82258BCEDB00EB68C8;
			productRefGroup = 8E678F8C258BCEDC00EB68C8 /* Products */;
			projectDirPath = "";
			projectRoot = "";
			targets = (
				8E678F8A258BCEDC00EB68C8 /* GBShop */,
				8E678FA0258BCEE000EB68C8 /* GBShopTests */,
				8E678FAB258BCEE000EB68C8 /* GBShopUITests */,
			);
		};
/* End PBXProject section */

/* Begin PBXResourcesBuildPhase section */
		8E678F89258BCEDC00EB68C8 /* Resources */ = {
			isa = PBXResourcesBuildPhase;
			buildActionMask = 2147483647;
			files = (
				8E678F9B258BCEDF00EB68C8 /* LaunchScreen.storyboard in Resources */,
				8E678F98258BCEDF00EB68C8 /* Assets.xcassets in Resources */,
			);
			runOnlyForDeploymentPostprocessing = 0;
		};
		8E678F9F258BCEE000EB68C8 /* Resources */ = {
			isa = PBXResourcesBuildPhase;
			buildActionMask = 2147483647;
			files = (
			);
			runOnlyForDeploymentPostprocessing = 0;
		};
		8E678FAA258BCEE000EB68C8 /* Resources */ = {
			isa = PBXResourcesBuildPhase;
			buildActionMask = 2147483647;
			files = (
			);
			runOnlyForDeploymentPostprocessing = 0;
		};
/* End PBXResourcesBuildPhase section */

/* Begin PBXSourcesBuildPhase section */
		8E678F87258BCEDC00EB68C8 /* Sources */ = {
			isa = PBXSourcesBuildPhase;
			buildActionMask = 2147483647;
			files = (
				8E678F8F258BCEDC00EB68C8 /* AppDelegate.swift in Sources */,
				8E678F91258BCEDC00EB68C8 /* SceneDelegate.swift in Sources */,
				8E0418BA258BD364005939E3 /* StartViewController.swift in Sources */,
			);
			runOnlyForDeploymentPostprocessing = 0;
		};
		8E678F9D258BCEE000EB68C8 /* Sources */ = {
			isa = PBXSourcesBuildPhase;
			buildActionMask = 2147483647;
			files = (
				8E678FA6258BCEE000EB68C8 /* GBShopTests.swift in Sources */,
			);
			runOnlyForDeploymentPostprocessing = 0;
		};
		8E678FA8258BCEE000EB68C8 /* Sources */ = {
			isa = PBXSourcesBuildPhase;
			buildActionMask = 2147483647;
			files = (
				8E678FB1258BCEE000EB68C8 /* GBShopUITests.swift in Sources */,
			);
			runOnlyForDeploymentPostprocessing = 0;
		};
/* End PBXSourcesBuildPhase section */

/* Begin PBXTargetDependency section */
		8E678FA3258BCEE000EB68C8 /* PBXTargetDependency */ = {
			isa = PBXTargetDependency;
			target = 8E678F8A258BCEDC00EB68C8 /* GBShop */;
			targetProxy = 8E678FA2258BCEE000EB68C8 /* PBXContainerItemProxy */;
		};
		8E678FAE258BCEE000EB68C8 /* PBXTargetDependency */ = {
			isa = PBXTargetDependency;
			target = 8E678F8A258BCEDC00EB68C8 /* GBShop */;
			targetProxy = 8E678FAD258BCEE000EB68C8 /* PBXContainerItemProxy */;
		};
/* End PBXTargetDependency section */

/* Begin PBXVariantGroup section */
		8E678F99258BCEDF00EB68C8 /* LaunchScreen.storyboard */ = {
			isa = PBXVariantGroup;
			children = (
				8E678F9A258BCEDF00EB68C8 /* Base */,
			);
			name = LaunchScreen.storyboard;
			sourceTree = "<group>";
		};
/* End PBXVariantGroup section */

/* Begin XCBuildConfiguration section */
		8E678FB3258BCEE000EB68C8 /* Debug */ = {
			isa = XCBuildConfiguration;
			buildSettings = {
				ALWAYS_SEARCH_USER_PATHS = NO;
				CLANG_ANALYZER_NONNULL = YES;
				CLANG_ANALYZER_NUMBER_OBJECT_CONVERSION = YES_AGGRESSIVE;
				CLANG_CXX_LANGUAGE_STANDARD = "gnu++14";
				CLANG_CXX_LIBRARY = "libc++";
				CLANG_ENABLE_MODULES = YES;
				CLANG_ENABLE_OBJC_ARC = YES;
				CLANG_ENABLE_OBJC_WEAK = YES;
				CLANG_WARN_BLOCK_CAPTURE_AUTORELEASING = YES;
				CLANG_WARN_BOOL_CONVERSION = YES;
				CLANG_WARN_COMMA = YES;
				CLANG_WARN_CONSTANT_CONVERSION = YES;
				CLANG_WARN_DEPRECATED_OBJC_IMPLEMENTATIONS = YES;
				CLANG_WARN_DIRECT_OBJC_ISA_USAGE = YES_ERROR;
				CLANG_WARN_DOCUMENTATION_COMMENTS = YES;
				CLANG_WARN_EMPTY_BODY = YES;
				CLANG_WARN_ENUM_CONVERSION = YES;
				CLANG_WARN_INFINITE_RECURSION = YES;
				CLANG_WARN_INT_CONVERSION = YES;
				CLANG_WARN_NON_LITERAL_NULL_CONVERSION = YES;
				CLANG_WARN_OBJC_IMPLICIT_RETAIN_SELF = YES;
				CLANG_WARN_OBJC_LITERAL_CONVERSION = YES;
				CLANG_WARN_OBJC_ROOT_CLASS = YES_ERROR;
				CLANG_WARN_QUOTED_INCLUDE_IN_FRAMEWORK_HEADER = YES;
				CLANG_WARN_RANGE_LOOP_ANALYSIS = YES;
				CLANG_WARN_STRICT_PROTOTYPES = YES;
				CLANG_WARN_SUSPICIOUS_MOVE = YES;
				CLANG_WARN_UNGUARDED_AVAILABILITY = YES_AGGRESSIVE;
				CLANG_WARN_UNREACHABLE_CODE = YES;
				CLANG_WARN__DUPLICATE_METHOD_MATCH = YES;
				COPY_PHASE_STRIP = NO;
				DEBUG_INFORMATION_FORMAT = dwarf;
				ENABLE_STRICT_OBJC_MSGSEND = YES;
				ENABLE_TESTABILITY = YES;
				GCC_C_LANGUAGE_STANDARD = gnu11;
				GCC_DYNAMIC_NO_PIC = NO;
				GCC_NO_COMMON_BLOCKS = YES;
				GCC_OPTIMIZATION_LEVEL = 0;
				GCC_PREPROCESSOR_DEFINITIONS = (
					"DEBUG=1",
					"$(inherited)",
				);
				GCC_WARN_64_TO_32_BIT_CONVERSION = YES;
				GCC_WARN_ABOUT_RETURN_TYPE = YES_ERROR;
				GCC_WARN_UNDECLARED_SELECTOR = YES;
				GCC_WARN_UNINITIALIZED_AUTOS = YES_AGGRESSIVE;
				GCC_WARN_UNUSED_FUNCTION = YES;
				GCC_WARN_UNUSED_VARIABLE = YES;
				IPHONEOS_DEPLOYMENT_TARGET = 14.2;
				MTL_ENABLE_DEBUG_INFO = INCLUDE_SOURCE;
				MTL_FAST_MATH = YES;
				ONLY_ACTIVE_ARCH = YES;
				SDKROOT = iphoneos;
				SWIFT_ACTIVE_COMPILATION_CONDITIONS = DEBUG;
				SWIFT_OPTIMIZATION_LEVEL = "-Onone";
			};
			name = Debug;
		};
		8E678FB4258BCEE000EB68C8 /* Release */ = {
			isa = XCBuildConfiguration;
			buildSettings = {
				ALWAYS_SEARCH_USER_PATHS = NO;
				CLANG_ANALYZER_NONNULL = YES;
				CLANG_ANALYZER_NUMBER_OBJECT_CONVERSION = YES_AGGRESSIVE;
				CLANG_CXX_LANGUAGE_STANDARD = "gnu++14";
				CLANG_CXX_LIBRARY = "libc++";
				CLANG_ENABLE_MODULES = YES;
				CLANG_ENABLE_OBJC_ARC = YES;
				CLANG_ENABLE_OBJC_WEAK = YES;
				CLANG_WARN_BLOCK_CAPTURE_AUTORELEASING = YES;
				CLANG_WARN_BOOL_CONVERSION = YES;
				CLANG_WARN_COMMA = YES;
				CLANG_WARN_CONSTANT_CONVERSION = YES;
				CLANG_WARN_DEPRECATED_OBJC_IMPLEMENTATIONS = YES;
				CLANG_WARN_DIRECT_OBJC_ISA_USAGE = YES_ERROR;
				CLANG_WARN_DOCUMENTATION_COMMENTS = YES;
				CLANG_WARN_EMPTY_BODY = YES;
				CLANG_WARN_ENUM_CONVERSION = YES;
				CLANG_WARN_INFINITE_RECURSION = YES;
				CLANG_WARN_INT_CONVERSION = YES;
				CLANG_WARN_NON_LITERAL_NULL_CONVERSION = YES;
				CLANG_WARN_OBJC_IMPLICIT_RETAIN_SELF = YES;
				CLANG_WARN_OBJC_LITERAL_CONVERSION = YES;
				CLANG_WARN_OBJC_ROOT_CLASS = YES_ERROR;
				CLANG_WARN_QUOTED_INCLUDE_IN_FRAMEWORK_HEADER = YES;
				CLANG_WARN_RANGE_LOOP_ANALYSIS = YES;
				CLANG_WARN_STRICT_PROTOTYPES = YES;
				CLANG_WARN_SUSPICIOUS_MOVE = YES;
				CLANG_WARN_UNGUARDED_AVAILABILITY = YES_AGGRESSIVE;
				CLANG_WARN_UNREACHABLE_CODE = YES;
				CLANG_WARN__DUPLICATE_METHOD_MATCH = YES;
				COPY_PHASE_STRIP = NO;
				DEBUG_INFORMATION_FORMAT = "dwarf-with-dsym";
				ENABLE_NS_ASSERTIONS = NO;
				ENABLE_STRICT_OBJC_MSGSEND = YES;
				GCC_C_LANGUAGE_STANDARD = gnu11;
				GCC_NO_COMMON_BLOCKS = YES;
				GCC_WARN_64_TO_32_BIT_CONVERSION = YES;
				GCC_WARN_ABOUT_RETURN_TYPE = YES_ERROR;
				GCC_WARN_UNDECLARED_SELECTOR = YES;
				GCC_WARN_UNINITIALIZED_AUTOS = YES_AGGRESSIVE;
				GCC_WARN_UNUSED_FUNCTION = YES;
				GCC_WARN_UNUSED_VARIABLE = YES;
				IPHONEOS_DEPLOYMENT_TARGET = 14.2;
				MTL_ENABLE_DEBUG_INFO = NO;
				MTL_FAST_MATH = YES;
				SDKROOT = iphoneos;
				SWIFT_COMPILATION_MODE = wholemodule;
				SWIFT_OPTIMIZATION_LEVEL = "-O";
				VALIDATE_PRODUCT = YES;
			};
			name = Release;
		};
		8E678FB6258BCEE000EB68C8 /* Debug */ = {
			isa = XCBuildConfiguration;
			buildSettings = {
				ASSETCATALOG_COMPILER_APPICON_NAME = AppIcon;
				ASSETCATALOG_COMPILER_GLOBAL_ACCENT_COLOR_NAME = AccentColor;
				CODE_SIGN_STYLE = Automatic;
				DEVELOPMENT_TEAM = GAPK9VY2U9;
				INFOPLIST_FILE = GBShop/Info.plist;
				LD_RUNPATH_SEARCH_PATHS = (
					"$(inherited)",
					"@executable_path/Frameworks",
				);
				PRODUCT_BUNDLE_IDENTIFIER = ru.kaopu.GBShop;
				PRODUCT_NAME = "$(TARGET_NAME)";
				SWIFT_VERSION = 5.0;
				TARGETED_DEVICE_FAMILY = "1,2";
			};
			name = Debug;
		};
		8E678FB7258BCEE000EB68C8 /* Release */ = {
			isa = XCBuildConfiguration;
			buildSettings = {
				ASSETCATALOG_COMPILER_APPICON_NAME = AppIcon;
				ASSETCATALOG_COMPILER_GLOBAL_ACCENT_COLOR_NAME = AccentColor;
				CODE_SIGN_STYLE = Automatic;
				DEVELOPMENT_TEAM = GAPK9VY2U9;
				INFOPLIST_FILE = GBShop/Info.plist;
				LD_RUNPATH_SEARCH_PATHS = (
					"$(inherited)",
					"@executable_path/Frameworks",
				);
				PRODUCT_BUNDLE_IDENTIFIER = ru.kaopu.GBShop;
				PRODUCT_NAME = "$(TARGET_NAME)";
				SWIFT_VERSION = 5.0;
				TARGETED_DEVICE_FAMILY = "1,2";
			};
			name = Release;
		};
		8E678FB9258BCEE000EB68C8 /* Debug */ = {
			isa = XCBuildConfiguration;
			buildSettings = {
				ALWAYS_EMBED_SWIFT_STANDARD_LIBRARIES = YES;
				BUNDLE_LOADER = "$(TEST_HOST)";
				CODE_SIGN_STYLE = Automatic;
				DEVELOPMENT_TEAM = GAPK9VY2U9;
				INFOPLIST_FILE = GBShopTests/Info.plist;
				IPHONEOS_DEPLOYMENT_TARGET = 14.2;
				LD_RUNPATH_SEARCH_PATHS = (
					"$(inherited)",
					"@executable_path/Frameworks",
					"@loader_path/Frameworks",
				);
				PRODUCT_BUNDLE_IDENTIFIER = ru.kaopu.GBShopTests;
				PRODUCT_NAME = "$(TARGET_NAME)";
				SWIFT_VERSION = 5.0;
				TARGETED_DEVICE_FAMILY = "1,2";
				TEST_HOST = "$(BUILT_PRODUCTS_DIR)/GBShop.app/GBShop";
			};
			name = Debug;
		};
		8E678FBA258BCEE000EB68C8 /* Release */ = {
			isa = XCBuildConfiguration;
			buildSettings = {
				ALWAYS_EMBED_SWIFT_STANDARD_LIBRARIES = YES;
				BUNDLE_LOADER = "$(TEST_HOST)";
				CODE_SIGN_STYLE = Automatic;
				DEVELOPMENT_TEAM = GAPK9VY2U9;
				INFOPLIST_FILE = GBShopTests/Info.plist;
				IPHONEOS_DEPLOYMENT_TARGET = 14.2;
				LD_RUNPATH_SEARCH_PATHS = (
					"$(inherited)",
					"@executable_path/Frameworks",
					"@loader_path/Frameworks",
				);
				PRODUCT_BUNDLE_IDENTIFIER = ru.kaopu.GBShopTests;
				PRODUCT_NAME = "$(TARGET_NAME)";
				SWIFT_VERSION = 5.0;
				TARGETED_DEVICE_FAMILY = "1,2";
				TEST_HOST = "$(BUILT_PRODUCTS_DIR)/GBShop.app/GBShop";
			};
			name = Release;
		};
		8E678FBC258BCEE000EB68C8 /* Debug */ = {
			isa = XCBuildConfiguration;
			buildSettings = {
				ALWAYS_EMBED_SWIFT_STANDARD_LIBRARIES = YES;
				CODE_SIGN_STYLE = Automatic;
				DEVELOPMENT_TEAM = GAPK9VY2U9;
				INFOPLIST_FILE = GBShopUITests/Info.plist;
				LD_RUNPATH_SEARCH_PATHS = (
					"$(inherited)",
					"@executable_path/Frameworks",
					"@loader_path/Frameworks",
				);
				PRODUCT_BUNDLE_IDENTIFIER = ru.kaopu.GBShopUITests;
				PRODUCT_NAME = "$(TARGET_NAME)";
				SWIFT_VERSION = 5.0;
				TARGETED_DEVICE_FAMILY = "1,2";
				TEST_TARGET_NAME = GBShop;
			};
			name = Debug;
		};
		8E678FBD258BCEE000EB68C8 /* Release */ = {
			isa = XCBuildConfiguration;
			buildSettings = {
				ALWAYS_EMBED_SWIFT_STANDARD_LIBRARIES = YES;
				CODE_SIGN_STYLE = Automatic;
				DEVELOPMENT_TEAM = GAPK9VY2U9;
				INFOPLIST_FILE = GBShopUITests/Info.plist;
				LD_RUNPATH_SEARCH_PATHS = (
					"$(inherited)",
					"@executable_path/Frameworks",
					"@loader_path/Frameworks",
				);
				PRODUCT_BUNDLE_IDENTIFIER = ru.kaopu.GBShopUITests;
				PRODUCT_NAME = "$(TARGET_NAME)";
				SWIFT_VERSION = 5.0;
				TARGETED_DEVICE_FAMILY = "1,2";
				TEST_TARGET_NAME = GBShop;
			};
			name = Release;
		};
/* End XCBuildConfiguration section */

/* Begin XCConfigurationList section */
		8E678F86258BCEDB00EB68C8 /* Build configuration list for PBXProject "GBShop" */ = {
			isa = XCConfigurationList;
			buildConfigurations = (
				8E678FB3258BCEE000EB68C8 /* Debug */,
				8E678FB4258BCEE000EB68C8 /* Release */,
			);
			defaultConfigurationIsVisible = 0;
			defaultConfigurationName = Release;
		};
		8E678FB5258BCEE000EB68C8 /* Build configuration list for PBXNativeTarget "GBShop" */ = {
			isa = XCConfigurationList;
			buildConfigurations = (
				8E678FB6258BCEE000EB68C8 /* Debug */,
				8E678FB7258BCEE000EB68C8 /* Release */,
			);
			defaultConfigurationIsVisible = 0;
			defaultConfigurationName = Release;
		};
		8E678FB8258BCEE000EB68C8 /* Build configuration list for PBXNativeTarget "GBShopTests" */ = {
			isa = XCConfigurationList;
			buildConfigurations = (
				8E678FB9258BCEE000EB68C8 /* Debug */,
				8E678FBA258BCEE000EB68C8 /* Release */,
			);
			defaultConfigurationIsVisible = 0;
			defaultConfigurationName = Release;
		};
		8E678FBB258BCEE000EB68C8 /* Build configuration list for PBXNativeTarget "GBShopUITests" */ = {
			isa = XCConfigurationList;
			buildConfigurations = (
				8E678FBC258BCEE000EB68C8 /* Debug */,
				8E678FBD258BCEE000EB68C8 /* Release */,
			);
			defaultConfigurationIsVisible = 0;
			defaultConfigurationName = Release;
		};
/* End XCConfigurationList section */
	};
	rootObject = 8E678F83258BCEDB00EB68C8 /* Project object */;
}
